{
  "name": "Advent Calendar",
  "lockfileVersion": 3,
  "requires": true,
  "packages": {
    "": {
      "dependencies": {
        "@rive-app/canvas": "^2.25.7"
      }
    },
    "node_modules/@rive-app/canvas": {
      "version": "2.25.7",
      "resolved": "https://registry.npmjs.org/@rive-app/canvas/-/canvas-2.25.7.tgz",
      "integrity": "sha512-cxC9MrjaYw6VBtZFyXHvwXukERSsdrQP9/48rQkaBysS3+WQbv5XQRzgxFsaj4sYWUgoZu57vHa27o6ktSrY7g=="
    }
  }
}
